
Microsoft Visual Studio Solution File, Format Version 12.00
# Visual Studio Version 17
VisualStudioVersion = 17.5.33502.453
MinimumVisualStudioVersion = 10.0.40219.1
Project("{FAE04EC0-301F-11D3-BF4B-00C04F79EFBC}") = "my book", "my book\my book.csproj", "{074E6CD7-700D-4C0A-B1AD-49C533D42E36}"
EndProject
Global
	GlobalSection(SolutionConfigurationPlatforms) = preSolution
		Debug|Any CPU = Debug|Any CPU
		Release|Any CPU = Release|Any CPU
	EndGlobalSection
	GlobalSection(ProjectConfigurationPlatforms) = postSolution
		{074E6CD7-700D-4C0A-B1AD-49C533D42E36}.Debug|Any CPU.ActiveCfg = Debug|Any CPU
		{074E6CD7-700D-4C0A-B1AD-49C533D42E36}.Debug|Any CPU.Build.0 = Debug|Any CPU
		{074E6CD7-700D-4C0A-B1AD-49C533D42E36}.Release|Any CPU.ActiveCfg = Release|Any CPU
		{074E6CD7-700D-4C0A-B1AD-49C533D42E36}.Release|Any CPU.Build.0 = Release|Any CPU
	EndGlobalSection
	GlobalSection(SolutionProperties) = preSolution
		HideSolutionNode = FALSE
	EndGlobalSection
	GlobalSection(ExtensibilityGlobals) = postSolution
		SolutionGuid = {24BB463E-6113-440D-A34E-931472097EA3}
	EndGlobalSection
EndGlobal
